
Microsoft Visual Studio Solution File, Format Version 12.00
# Visual Studio 14
VisualStudioVersion = 14.0.23107.0
MinimumVisualStudioVersion = 10.0.40219.1
Project("{8BC9CEB8-8B4A-11D0-8D11-00A0C91BC942}") = "Ex338", "Ex338\Ex338.vcxproj", "{3EE531E9-1B06-44F3-8D19-7917E2855559}"
EndProject
Project("{8BC9CEB8-8B4A-11D0-8D11-00A0C91BC942}") = "Ex105", "Ex105\Ex105.vcxproj", "{284D354E-E975-4CA2-AA5C-8B73DFABEE34}"
EndProject
Project("{8BC9CEB8-8B4A-11D0-8D11-00A0C91BC942}") = "Ex106", "Ex106\Ex106.vcxproj", "{3BD6439D-76C4-47AD-B8DD-DE49BD240E03}"
EndProject
Project("{8BC9CEB8-8B4A-11D0-8D11-00A0C91BC942}") = "Ex78", "Ex78\Ex78.vcxproj", "{A4EB073D-7595-4C83-ABB6-5C37179BD1C9}"
EndProject
Project("{8BC9CEB8-8B4A-11D0-8D11-00A0C91BC942}") = "Ex337", "Ex337\Ex337.vcxproj", "{D9C0FC1C-E597-458C-9DA1-535C5E920001}"
EndProject
Project("{8BC9CEB8-8B4A-11D0-8D11-00A0C91BC942}") = "Ex62", "Ex62\Ex62.vcxproj", "{41A7F6AE-CE92-412E-8158-0CD962CD5628}"
EndProject
Project("{8BC9CEB8-8B4A-11D0-8D11-00A0C91BC942}") = "Ex335", "Ex335\Ex335.vcxproj", "{7F6A67A4-E9EA-48A4-B895-F80E68E5AE11}"
EndProject
Project("{8BC9CEB8-8B4A-11D0-8D11-00A0C91BC942}") = "Ex268", "Ex268\Ex268.vcxproj", "{6B11EAB0-2DAE-457C-83BC-501D91B2326C}"
EndProject
Project("{8BC9CEB8-8B4A-11D0-8D11-00A0C91BC942}") = "Ex136", "Ex136\Ex136.vcxproj", "{536145CB-55A8-4AD6-83A7-42191841BB88}"
EndProject
Project("{8BC9CEB8-8B4A-11D0-8D11-00A0C91BC942}") = "Ex137", "Ex137\Ex137.vcxproj", "{12B8FAFD-5EFA-4DFD-9E38-A885A563782D}"
EndProject
Global
	GlobalSection(SolutionConfigurationPlatforms) = preSolution
		Debug|x64 = Debug|x64
		Debug|x86 = Debug|x86
		Release|x64 = Release|x64
		Release|x86 = Release|x86
	EndGlobalSection
	GlobalSection(ProjectConfigurationPlatforms) = postSolution
		{3EE531E9-1B06-44F3-8D19-7917E2855559}.Debug|x64.ActiveCfg = Debug|x64
		{3EE531E9-1B06-44F3-8D19-7917E2855559}.Debug|x64.Build.0 = Debug|x64
		{3EE531E9-1B06-44F3-8D19-7917E2855559}.Debug|x86.ActiveCfg = Debug|Win32
		{3EE531E9-1B06-44F3-8D19-7917E2855559}.Debug|x86.Build.0 = Debug|Win32
		{3EE531E9-1B06-44F3-8D19-7917E2855559}.Release|x64.ActiveCfg = Release|x64
		{3EE531E9-1B06-44F3-8D19-7917E2855559}.Release|x64.Build.0 = Release|x64
		{3EE531E9-1B06-44F3-8D19-7917E2855559}.Release|x86.ActiveCfg = Release|Win32
		{3EE531E9-1B06-44F3-8D19-7917E2855559}.Release|x86.Build.0 = Release|Win32
		{284D354E-E975-4CA2-AA5C-8B73DFABEE34}.Debug|x64.ActiveCfg = Debug|x64
		{284D354E-E975-4CA2-AA5C-8B73DFABEE34}.Debug|x64.Build.0 = Debug|x64
		{284D354E-E975-4CA2-AA5C-8B73DFABEE34}.Debug|x86.ActiveCfg = Debug|Win32
		{284D354E-E975-4CA2-AA5C-8B73DFABEE34}.Debug|x86.Build.0 = Debug|Win32
		{284D354E-E975-4CA2-AA5C-8B73DFABEE34}.Release|x64.ActiveCfg = Release|x64
		{284D354E-E975-4CA2-AA5C-8B73DFABEE34}.Release|x64.Build.0 = Release|x64
		{284D354E-E975-4CA2-AA5C-8B73DFABEE34}.Release|x86.ActiveCfg = Release|Win32
		{284D354E-E975-4CA2-AA5C-8B73DFABEE34}.Release|x86.Build.0 = Release|Win32
		{3BD6439D-76C4-47AD-B8DD-DE49BD240E03}.Debug|x64.ActiveCfg = Debug|x64
		{3BD6439D-76C4-47AD-B8DD-DE49BD240E03}.Debug|x64.Build.0 = Debug|x64
		{3BD6439D-76C4-47AD-B8DD-DE49BD240E03}.Debug|x86.ActiveCfg = Debug|Win32
		{3BD6439D-76C4-47AD-B8DD-DE49BD240E03}.Debug|x86.Build.0 = Debug|Win32
		{3BD6439D-76C4-47AD-B8DD-DE49BD240E03}.Release|x64.ActiveCfg = Release|x64
		{3BD6439D-76C4-47AD-B8DD-DE49BD240E03}.Release|x64.Build.0 = Release|x64
		{3BD6439D-76C4-47AD-B8DD-DE49BD240E03}.Release|x86.ActiveCfg = Release|Win32
		{3BD6439D-76C4-47AD-B8DD-DE49BD240E03}.Release|x86.Build.0 = Release|Win32
		{A4EB073D-7595-4C83-ABB6-5C37179BD1C9}.Debug|x64.ActiveCfg = Debug|x64
		{A4EB073D-7595-4C83-ABB6-5C37179BD1C9}.Debug|x64.Build.0 = Debug|x64
		{A4EB073D-7595-4C83-ABB6-5C37179BD1C9}.Debug|x86.ActiveCfg = Debug|Win32
		{A4EB073D-7595-4C83-ABB6-5C37179BD1C9}.Debug|x86.Build.0 = Debug|Win32
		{A4EB073D-7595-4C83-ABB6-5C37179BD1C9}.Release|x64.ActiveCfg = Release|x64
		{A4EB073D-7595-4C83-ABB6-5C37179BD1C9}.Release|x64.Build.0 = Release|x64
		{A4EB073D-7595-4C83-ABB6-5C37179BD1C9}.Release|x86.ActiveCfg = Release|Win32
		{A4EB073D-7595-4C83-ABB6-5C37179BD1C9}.Release|x86.Build.0 = Release|Win32
		{D9C0FC1C-E597-458C-9DA1-535C5E920001}.Debug|x64.ActiveCfg = Debug|x64
		{D9C0FC1C-E597-458C-9DA1-535C5E920001}.Debug|x64.Build.0 = Debug|x64
		{D9C0FC1C-E597-458C-9DA1-535C5E920001}.Debug|x86.ActiveCfg = Debug|Win32
		{D9C0FC1C-E597-458C-9DA1-535C5E920001}.Debug|x86.Build.0 = Debug|Win32
		{D9C0FC1C-E597-458C-9DA1-535C5E920001}.Release|x64.ActiveCfg = Release|x64
		{D9C0FC1C-E597-458C-9DA1-535C5E920001}.Release|x64.Build.0 = Release|x64
		{D9C0FC1C-E597-458C-9DA1-535C5E920001}.Release|x86.ActiveCfg = Release|Win32
		{D9C0FC1C-E597-458C-9DA1-535C5E920001}.Release|x86.Build.0 = Release|Win32
		{41A7F6AE-CE92-412E-8158-0CD962CD5628}.Debug|x64.ActiveCfg = Debug|x64
		{41A7F6AE-CE92-412E-8158-0CD962CD5628}.Debug|x64.Build.0 = Debug|x64
		{41A7F6AE-CE92-412E-8158-0CD962CD5628}.Debug|x86.ActiveCfg = Debug|Win32
		{41A7F6AE-CE92-412E-8158-0CD962CD5628}.Debug|x86.Build.0 = Debug|Win32
		{41A7F6AE-CE92-412E-8158-0CD962CD5628}.Release|x64.ActiveCfg = Release|x64
		{41A7F6AE-CE92-412E-8158-0CD962CD5628}.Release|x64.Build.0 = Release|x64
		{41A7F6AE-CE92-412E-8158-0CD962CD5628}.Release|x86.ActiveCfg = Release|Win32
		{41A7F6AE-CE92-412E-8158-0CD962CD5628}.Release|x86.Build.0 = Release|Win32
		{7F6A67A4-E9EA-48A4-B895-F80E68E5AE11}.Debug|x64.ActiveCfg = Debug|x64
		{7F6A67A4-E9EA-48A4-B895-F80E68E5AE11}.Debug|x64.Build.0 = Debug|x64
		{7F6A67A4-E9EA-48A4-B895-F80E68E5AE11}.Debug|x86.ActiveCfg = Debug|Win32
		{7F6A67A4-E9EA-48A4-B895-F80E68E5AE11}.Debug|x86.Build.0 = Debug|Win32
		{7F6A67A4-E9EA-48A4-B895-F80E68E5AE11}.Release|x64.ActiveCfg = Release|x64
		{7F6A67A4-E9EA-48A4-B895-F80E68E5AE11}.Release|x64.Build.0 = Release|x64
		{7F6A67A4-E9EA-48A4-B895-F80E68E5AE11}.Release|x86.ActiveCfg = Release|Win32
		{7F6A67A4-E9EA-48A4-B895-F80E68E5AE11}.Release|x86.Build.0 = Release|Win32
		{6B11EAB0-2DAE-457C-83BC-501D91B2326C}.Debug|x64.ActiveCfg = Debug|x64
		{6B11EAB0-2DAE-457C-83BC-501D91B2326C}.Debug|x64.Build.0 = Debug|x64
		{6B11EAB0-2DAE-457C-83BC-501D91B2326C}.Debug|x86.ActiveCfg = Debug|Win32
		{6B11EAB0-2DAE-457C-83BC-501D91B2326C}.Debug|x86.Build.0 = Debug|Win32
		{6B11EAB0-2DAE-457C-83BC-501D91B2326C}.Release|x64.ActiveCfg = Release|x64
		{6B11EAB0-2DAE-457C-83BC-501D91B2326C}.Release|x64.Build.0 = Release|x64
		{6B11EAB0-2DAE-457C-83BC-501D91B2326C}.Release|x86.ActiveCfg = Release|Win32
		{6B11EAB0-2DAE-457C-83BC-501D91B2326C}.Release|x86.Build.0 = Release|Win32
		{536145CB-55A8-4AD6-83A7-42191841BB88}.Debug|x64.ActiveCfg = Debug|x64
		{536145CB-55A8-4AD6-83A7-42191841BB88}.Debug|x64.Build.0 = Debug|x64
		{536145CB-55A8-4AD6-83A7-42191841BB88}.Debug|x86.ActiveCfg = Debug|Win32
		{536145CB-55A8-4AD6-83A7-42191841BB88}.Debug|x86.Build.0 = Debug|Win32
		{536145CB-55A8-4AD6-83A7-42191841BB88}.Release|x64.ActiveCfg = Release|x64
		{536145CB-55A8-4AD6-83A7-42191841BB88}.Release|x64.Build.0 = Release|x64
		{536145CB-55A8-4AD6-83A7-42191841BB88}.Release|x86.ActiveCfg = Release|Win32
		{536145CB-55A8-4AD6-83A7-42191841BB88}.Release|x86.Build.0 = Release|Win32
		{12B8FAFD-5EFA-4DFD-9E38-A885A563782D}.Debug|x64.ActiveCfg = Debug|x64
		{12B8FAFD-5EFA-4DFD-9E38-A885A563782D}.Debug|x64.Build.0 = Debug|x64
		{12B8FAFD-5EFA-4DFD-9E38-A885A563782D}.Debug|x86.ActiveCfg = Debug|Win32
		{12B8FAFD-5EFA-4DFD-9E38-A885A563782D}.Debug|x86.Build.0 = Debug|Win32
		{12B8FAFD-5EFA-4DFD-9E38-A885A563782D}.Release|x64.ActiveCfg = Release|x64
		{12B8FAFD-5EFA-4DFD-9E38-A885A563782D}.Release|x64.Build.0 = Release|x64
		{12B8FAFD-5EFA-4DFD-9E38-A885A563782D}.Release|x86.ActiveCfg = Release|Win32
		{12B8FAFD-5EFA-4DFD-9E38-A885A563782D}.Release|x86.Build.0 = Release|Win32
	EndGlobalSection
	GlobalSection(SolutionProperties) = preSolution
		HideSolutionNode = FALSE
	EndGlobalSection
EndGlobal
